
Microsoft Visual Studio Solution File, Format Version 12.00
Project("{FAE04EC0-301F-11D3-BF4B-00C04F79EFBC}") = "Labas", "Labas.csproj", "{266F3081-5C94-454A-9FDF-31A56BCCD9AD}"
EndProject
Global
	GlobalSection(SolutionConfigurationPlatforms) = preSolution
		Debug|Any CPU = Debug|Any CPU
		Release|Any CPU = Release|Any CPU
	EndGlobalSection
	GlobalSection(ProjectConfigurationPlatforms) = postSolution
		{266F3081-5C94-454A-9FDF-31A56BCCD9AD}.Debug|Any CPU.ActiveCfg = Debug|Any CPU
		{266F3081-5C94-454A-9FDF-31A56BCCD9AD}.Debug|Any CPU.Build.0 = Debug|Any CPU
		{266F3081-5C94-454A-9FDF-31A56BCCD9AD}.Release|Any CPU.ActiveCfg = Release|Any CPU
		{266F3081-5C94-454A-9FDF-31A56BCCD9AD}.Release|Any CPU.Build.0 = Release|Any CPU
	EndGlobalSection
EndGlobal
